# This file is automatically @generated by Cargo.
# It is not intended for manual editing.
version = 4

[[package]]
name = "ghostwriter-client"
version = "0.1.0"

[[package]]
name = "ghostwriter-core"
version = "0.1.0"

[[package]]
name = "ghostwriter-proto"
version = "0.1.0"

[[package]]
name = "ghostwriter-server"
version = "0.1.0"
